
Microsoft Visual Studio Solution File, Format Version 12.00
# Visual Studio Version 17
VisualStudioVersion = 17.14.36811.4
MinimumVisualStudioVersion = 10.0.40219.1
Project("{FAE04EC0-301F-11D3-BF4B-00C04F79EFBC}") = "WarsztatCar", "WarsztatCar.csproj", "{B467E951-B89F-472A-B633-48A0E47A48C9}"
EndProject
Global
	GlobalSection(SolutionConfigurationPlatforms) = preSolution
		Debug|Any CPU = Debug|Any CPU
		Release|Any CPU = Release|Any CPU
	EndGlobalSection
	GlobalSection(ProjectConfigurationPlatforms) = postSolution
		{B467E951-B89F-472A-B633-48A0E47A48C9}.Debug|Any CPU.ActiveCfg = Debug|Any CPU
		{B467E951-B89F-472A-B633-48A0E47A48C9}.Debug|Any CPU.Build.0 = Debug|Any CPU
		{B467E951-B89F-472A-B633-48A0E47A48C9}.Release|Any CPU.ActiveCfg = Release|Any CPU
		{B467E951-B89F-472A-B633-48A0E47A48C9}.Release|Any CPU.Build.0 = Release|Any CPU
	EndGlobalSection
	GlobalSection(SolutionProperties) = preSolution
		HideSolutionNode = FALSE
	EndGlobalSection
	GlobalSection(ExtensibilityGlobals) = postSolution
		SolutionGuid = {D021D00B-23DD-432B-9BF3-1016206A9388}
	EndGlobalSection
EndGlobal
